
Microsoft Visual Studio Solution File, Format Version 12.00
# Visual Studio 15
VisualStudioVersion = 15.0.27428.2037
MinimumVisualStudioVersion = 10.0.40219.1
Project("{FAE04EC0-301F-11D3-BF4B-00C04F79EFBC}") = "ConversorLibrary", "ConversorLibrary\ConversorLibrary.csproj", "{D2289647-C098-45CD-80DE-FCE6391297FD}"
EndProject
Project("{FAE04EC0-301F-11D3-BF4B-00C04F79EFBC}") = "WEB.ADCON", "WEB.ADCON\WEB.ADCON.csproj", "{FE6482DF-0682-417E-BD3D-390D78CA9A93}"
EndProject
Global
	GlobalSection(SolutionConfigurationPlatforms) = preSolution
		Debug|Any CPU = Debug|Any CPU
		Release|Any CPU = Release|Any CPU
	EndGlobalSection
	GlobalSection(ProjectConfigurationPlatforms) = postSolution
		{D2289647-C098-45CD-80DE-FCE6391297FD}.Debug|Any CPU.ActiveCfg = Debug|Any CPU
		{D2289647-C098-45CD-80DE-FCE6391297FD}.Debug|Any CPU.Build.0 = Debug|Any CPU
		{D2289647-C098-45CD-80DE-FCE6391297FD}.Release|Any CPU.ActiveCfg = Release|Any CPU
		{D2289647-C098-45CD-80DE-FCE6391297FD}.Release|Any CPU.Build.0 = Release|Any CPU
		{FE6482DF-0682-417E-BD3D-390D78CA9A93}.Debug|Any CPU.ActiveCfg = Debug|Any CPU
		{FE6482DF-0682-417E-BD3D-390D78CA9A93}.Debug|Any CPU.Build.0 = Debug|Any CPU
		{FE6482DF-0682-417E-BD3D-390D78CA9A93}.Release|Any CPU.ActiveCfg = Release|Any CPU
		{FE6482DF-0682-417E-BD3D-390D78CA9A93}.Release|Any CPU.Build.0 = Release|Any CPU
	EndGlobalSection
	GlobalSection(SolutionProperties) = preSolution
		HideSolutionNode = FALSE
	EndGlobalSection
	GlobalSection(ExtensibilityGlobals) = postSolution
		SolutionGuid = {72E80971-44B1-406E-B49B-5E586441EB6D}
	EndGlobalSection
EndGlobal
