
Microsoft Visual Studio Solution File, Format Version 12.00
# Visual Studio 15
VisualStudioVersion = 15.0.27428.2037
MinimumVisualStudioVersion = 10.0.40219.1
Project("{FAE04EC0-301F-11D3-BF4B-00C04F79EFBC}") = "ADCON", "ADCON\ADCON.csproj", "{5CCB1E1D-9322-47F0-87E0-7B8ADEF323E9}"
EndProject
Project("{FAE04EC0-301F-11D3-BF4B-00C04F79EFBC}") = "ADCON.Tests", "ADCON.Tests\ADCON.Tests.csproj", "{2148BC3E-AD73-474F-841B-BFE63B6F8E14}"
EndProject
Global
	GlobalSection(SolutionConfigurationPlatforms) = preSolution
		Debug|Any CPU = Debug|Any CPU
		Release|Any CPU = Release|Any CPU
	EndGlobalSection
	GlobalSection(ProjectConfigurationPlatforms) = postSolution
		{5CCB1E1D-9322-47F0-87E0-7B8ADEF323E9}.Debug|Any CPU.ActiveCfg = Debug|Any CPU
		{5CCB1E1D-9322-47F0-87E0-7B8ADEF323E9}.Debug|Any CPU.Build.0 = Debug|Any CPU
		{5CCB1E1D-9322-47F0-87E0-7B8ADEF323E9}.Release|Any CPU.ActiveCfg = Release|Any CPU
		{5CCB1E1D-9322-47F0-87E0-7B8ADEF323E9}.Release|Any CPU.Build.0 = Release|Any CPU
		{2148BC3E-AD73-474F-841B-BFE63B6F8E14}.Debug|Any CPU.ActiveCfg = Debug|Any CPU
		{2148BC3E-AD73-474F-841B-BFE63B6F8E14}.Debug|Any CPU.Build.0 = Debug|Any CPU
		{2148BC3E-AD73-474F-841B-BFE63B6F8E14}.Release|Any CPU.ActiveCfg = Release|Any CPU
		{2148BC3E-AD73-474F-841B-BFE63B6F8E14}.Release|Any CPU.Build.0 = Release|Any CPU
	EndGlobalSection
	GlobalSection(SolutionProperties) = preSolution
		HideSolutionNode = FALSE
	EndGlobalSection
	GlobalSection(ExtensibilityGlobals) = postSolution
		SolutionGuid = {72E80971-44B1-406E-B49B-5E586441EB6D}
	EndGlobalSection
EndGlobal
